
Microsoft Visual Studio Solution File, Format Version 12.00
# Visual Studio Version 17
VisualStudioVersion = 17.2.32630.192
MinimumVisualStudioVersion = 10.0.40219.1
Project("{FAE04EC0-301F-11D3-BF4B-00C04F79EFBC}") = "XemuVanguard-Hook", "XemuVanguard-Hook.csproj", "{1D1E5542-6D08-422A-90AA-A6A1F94C7B6A}"
	ProjectSection(ProjectDependencies) = postProject
		{B81E354A-DC15-4046-9A84-0147AFFA4F5F} = {B81E354A-DC15-4046-9A84-0147AFFA4F5F}
		{E413A452-1E0E-42B9-B816-7A3E5087A9E9} = {E413A452-1E0E-42B9-B816-7A3E5087A9E9}
		{80774A70-E01F-4D88-874C-504FE3E05AFD} = {80774A70-E01F-4D88-874C-504FE3E05AFD}
		{A8AC737A-48CB-4BD5-9F4D-21F0B2323747} = {A8AC737A-48CB-4BD5-9F4D-21F0B2323747}
	EndProjectSection
EndProject
Project("{9A19103F-16F7-4668-BE54-9A1E7A4F7556}") = "Common", "..\RTCV\Source\Libraries\Common\Common.csproj", "{A8AC737A-48CB-4BD5-9F4D-21F0B2323747}"
EndProject
Project("{9A19103F-16F7-4668-BE54-9A1E7A4F7556}") = "CorruptCore", "..\RTCV\Source\Libraries\CorruptCore\CorruptCore.csproj", "{B81E354A-DC15-4046-9A84-0147AFFA4F5F}"
EndProject
Project("{9A19103F-16F7-4668-BE54-9A1E7A4F7556}") = "NetCore", "..\RTCV\Source\Libraries\NetCore\NetCore.csproj", "{E413A452-1E0E-42B9-B816-7A3E5087A9E9}"
EndProject
Project("{9A19103F-16F7-4668-BE54-9A1E7A4F7556}") = "Vanguard", "..\RTCV\Source\Libraries\Vanguard\Vanguard.csproj", "{80774A70-E01F-4D88-874C-504FE3E05AFD}"
EndProject
Project("{2150E333-8FDC-42A3-9474-1A3956D46DE8}") = "RTCV", "RTCV", "{FDC68679-B969-486B-A49D-B43B5ED89737}"
EndProject
Project("{2150E333-8FDC-42A3-9474-1A3956D46DE8}") = "Xemu", "Xemu", "{903CDED1-5D75-467B-A6B3-7B547EAB714D}"
EndProject
Project("{9A19103F-16F7-4668-BE54-9A1E7A4F7556}") = "UI", "..\RTCV\Source\Frontend\UI\UI.csproj", "{D0B27CA3-AD13-4907-8357-7E1F3407FB4A}"
EndProject
Project("{2150E333-8FDC-42A3-9474-1A3956D46DE8}") = "m64p", "m64p", "{634B3B95-4EDC-4331-9B75-1652B6146498}"
EndProject
Project("{FAE04EC0-301F-11D3-BF4B-00C04F79EFBC}") = "m64pVanguard-Hook", "Project64Vanguard-Hook\m64pVanguard-Hook.csproj", "{E2DEEAFF-6AA7-4B05-A389-533123CC4910}"
EndProject
Project("{2150E333-8FDC-42A3-9474-1A3956D46DE8}") = "Implementations", "Implementations", "{1ADE7685-6FFC-4AAD-B218-9E9E5A3DE339}"
EndProject
Project("{2150E333-8FDC-42A3-9474-1A3956D46DE8}") = "RPCS3", "RPCS3", "{DDD7348E-DC48-4D32-98B9-6B438DCC7140}"
EndProject
Project("{FAE04EC0-301F-11D3-BF4B-00C04F79EFBC}") = "RPCS3Vanguard-Hook", "RPCS3Vanguard-Hook\RPCS3Vanguard-Hook.csproj", "{797B9674-83FB-4F4E-B9EF-733DE20DE87B}"
EndProject
Project("{2150E333-8FDC-42A3-9474-1A3956D46DE8}") = "FBNEO", "FBNEO", "{C8C110F8-B7EA-4249-8F8F-7DCCC9C91071}"
EndProject
Project("{FAE04EC0-301F-11D3-BF4B-00C04F79EFBC}") = "FBNEOVanguard-Hook", "FBNEOVanguard-Hook\FBNEOVanguard-Hook.csproj", "{3D561270-DA4E-4A38-90D3-A5C40F462DC4}"
EndProject
Project("{2150E333-8FDC-42A3-9474-1A3956D46DE8}") = "Retroarch", "Retroarch", "{434FB7A0-495B-4F27-8C89-B87FB6B37C91}"
EndProject
Project("{FAE04EC0-301F-11D3-BF4B-00C04F79EFBC}") = "RetroarchVanguard-Hook", "RetroarchVanguard-Hook\RetroarchVanguard-Hook.csproj", "{7898A767-A421-4A4F-92C1-D87433D2876F}"
EndProject
Project("{2150E333-8FDC-42A3-9474-1A3956D46DE8}") = "Dolphin", "Dolphin", "{08C56EA0-2BBF-47B5-BA45-A2E2986AB24A}"
EndProject
Project("{FAE04EC0-301F-11D3-BF4B-00C04F79EFBC}") = "DolphinVanguard-Hook", "DolphinVanguard-Hook\DolphinVanguard-Hook.csproj", "{78A00935-3E62-4549-8D73-9FC7A570918C}"
EndProject
Global
	GlobalSection(SolutionConfigurationPlatforms) = preSolution
		Debug|Any CPU = Debug|Any CPU
		Debug|x64 = Debug|x64
		Release|Any CPU = Release|Any CPU
		Release|x64 = Release|x64
	EndGlobalSection
	GlobalSection(ProjectConfigurationPlatforms) = postSolution
		{1D1E5542-6D08-422A-90AA-A6A1F94C7B6A}.Debug|Any CPU.ActiveCfg = Debug|Any CPU
		{1D1E5542-6D08-422A-90AA-A6A1F94C7B6A}.Debug|Any CPU.Build.0 = Debug|Any CPU
		{1D1E5542-6D08-422A-90AA-A6A1F94C7B6A}.Debug|x64.ActiveCfg = Debug|Any CPU
		{1D1E5542-6D08-422A-90AA-A6A1F94C7B6A}.Debug|x64.Build.0 = Debug|Any CPU
		{1D1E5542-6D08-422A-90AA-A6A1F94C7B6A}.Release|Any CPU.ActiveCfg = Release|Any CPU
		{1D1E5542-6D08-422A-90AA-A6A1F94C7B6A}.Release|Any CPU.Build.0 = Release|Any CPU
		{1D1E5542-6D08-422A-90AA-A6A1F94C7B6A}.Release|x64.ActiveCfg = Release|Any CPU
		{1D1E5542-6D08-422A-90AA-A6A1F94C7B6A}.Release|x64.Build.0 = Release|Any CPU
		{A8AC737A-48CB-4BD5-9F4D-21F0B2323747}.Debug|Any CPU.ActiveCfg = Release|Any CPU
		{A8AC737A-48CB-4BD5-9F4D-21F0B2323747}.Debug|Any CPU.Build.0 = Release|Any CPU
		{A8AC737A-48CB-4BD5-9F4D-21F0B2323747}.Debug|x64.ActiveCfg = Debug|Any CPU
		{A8AC737A-48CB-4BD5-9F4D-21F0B2323747}.Debug|x64.Build.0 = Debug|Any CPU
		{A8AC737A-48CB-4BD5-9F4D-21F0B2323747}.Release|Any CPU.ActiveCfg = Debug|Any CPU
		{A8AC737A-48CB-4BD5-9F4D-21F0B2323747}.Release|Any CPU.Build.0 = Debug|Any CPU
		{A8AC737A-48CB-4BD5-9F4D-21F0B2323747}.Release|x64.ActiveCfg = Release|Any CPU
		{A8AC737A-48CB-4BD5-9F4D-21F0B2323747}.Release|x64.Build.0 = Release|Any CPU
		{B81E354A-DC15-4046-9A84-0147AFFA4F5F}.Debug|Any CPU.ActiveCfg = Release|Any CPU
		{B81E354A-DC15-4046-9A84-0147AFFA4F5F}.Debug|Any CPU.Build.0 = Release|Any CPU
		{B81E354A-DC15-4046-9A84-0147AFFA4F5F}.Debug|x64.ActiveCfg = Debug|Any CPU
		{B81E354A-DC15-4046-9A84-0147AFFA4F5F}.Debug|x64.Build.0 = Debug|Any CPU
		{B81E354A-DC15-4046-9A84-0147AFFA4F5F}.Release|Any CPU.ActiveCfg = Debug|Any CPU
		{B81E354A-DC15-4046-9A84-0147AFFA4F5F}.Release|Any CPU.Build.0 = Debug|Any CPU
		{B81E354A-DC15-4046-9A84-0147AFFA4F5F}.Release|x64.ActiveCfg = Release|Any CPU
		{B81E354A-DC15-4046-9A84-0147AFFA4F5F}.Release|x64.Build.0 = Release|Any CPU
		{E413A452-1E0E-42B9-B816-7A3E5087A9E9}.Debug|Any CPU.ActiveCfg = Release|Any CPU
		{E413A452-1E0E-42B9-B816-7A3E5087A9E9}.Debug|Any CPU.Build.0 = Release|Any CPU
		{E413A452-1E0E-42B9-B816-7A3E5087A9E9}.Debug|x64.ActiveCfg = Debug|Any CPU
		{E413A452-1E0E-42B9-B816-7A3E5087A9E9}.Debug|x64.Build.0 = Debug|Any CPU
		{E413A452-1E0E-42B9-B816-7A3E5087A9E9}.Release|Any CPU.ActiveCfg = Debug|Any CPU
		{E413A452-1E0E-42B9-B816-7A3E5087A9E9}.Release|Any CPU.Build.0 = Debug|Any CPU
		{E413A452-1E0E-42B9-B816-7A3E5087A9E9}.Release|x64.ActiveCfg = Release|Any CPU
		{E413A452-1E0E-42B9-B816-7A3E5087A9E9}.Release|x64.Build.0 = Release|Any CPU
		{80774A70-E01F-4D88-874C-504FE3E05AFD}.Debug|Any CPU.ActiveCfg = Release|Any CPU
		{80774A70-E01F-4D88-874C-504FE3E05AFD}.Debug|Any CPU.Build.0 = Release|Any CPU
		{80774A70-E01F-4D88-874C-504FE3E05AFD}.Debug|x64.ActiveCfg = Debug|Any CPU
		{80774A70-E01F-4D88-874C-504FE3E05AFD}.Debug|x64.Build.0 = Debug|Any CPU
		{80774A70-E01F-4D88-874C-504FE3E05AFD}.Release|Any CPU.ActiveCfg = Debug|Any CPU
		{80774A70-E01F-4D88-874C-504FE3E05AFD}.Release|Any CPU.Build.0 = Debug|Any CPU
		{80774A70-E01F-4D88-874C-504FE3E05AFD}.Release|x64.ActiveCfg = Release|Any CPU
		{80774A70-E01F-4D88-874C-504FE3E05AFD}.Release|x64.Build.0 = Release|Any CPU
		{D0B27CA3-AD13-4907-8357-7E1F3407FB4A}.Debug|Any CPU.ActiveCfg = Release|Any CPU
		{D0B27CA3-AD13-4907-8357-7E1F3407FB4A}.Debug|Any CPU.Build.0 = Release|Any CPU
		{D0B27CA3-AD13-4907-8357-7E1F3407FB4A}.Debug|x64.ActiveCfg = Debug|Any CPU
		{D0B27CA3-AD13-4907-8357-7E1F3407FB4A}.Debug|x64.Build.0 = Debug|Any CPU
		{D0B27CA3-AD13-4907-8357-7E1F3407FB4A}.Release|Any CPU.ActiveCfg = Debug|Any CPU
		{D0B27CA3-AD13-4907-8357-7E1F3407FB4A}.Release|Any CPU.Build.0 = Debug|Any CPU
		{D0B27CA3-AD13-4907-8357-7E1F3407FB4A}.Release|x64.ActiveCfg = Release|Any CPU
		{D0B27CA3-AD13-4907-8357-7E1F3407FB4A}.Release|x64.Build.0 = Release|Any CPU
		{E2DEEAFF-6AA7-4B05-A389-533123CC4910}.Debug|Any CPU.ActiveCfg = Debug|Any CPU
		{E2DEEAFF-6AA7-4B05-A389-533123CC4910}.Debug|Any CPU.Build.0 = Debug|Any CPU
		{E2DEEAFF-6AA7-4B05-A389-533123CC4910}.Debug|x64.ActiveCfg = Debug|Any CPU
		{E2DEEAFF-6AA7-4B05-A389-533123CC4910}.Debug|x64.Build.0 = Debug|Any CPU
		{E2DEEAFF-6AA7-4B05-A389-533123CC4910}.Release|Any CPU.ActiveCfg = Release|Any CPU
		{E2DEEAFF-6AA7-4B05-A389-533123CC4910}.Release|Any CPU.Build.0 = Release|Any CPU
		{E2DEEAFF-6AA7-4B05-A389-533123CC4910}.Release|x64.ActiveCfg = Release|Any CPU
		{E2DEEAFF-6AA7-4B05-A389-533123CC4910}.Release|x64.Build.0 = Release|Any CPU
		{797B9674-83FB-4F4E-B9EF-733DE20DE87B}.Debug|Any CPU.ActiveCfg = Debug|Any CPU
		{797B9674-83FB-4F4E-B9EF-733DE20DE87B}.Debug|Any CPU.Build.0 = Debug|Any CPU
		{797B9674-83FB-4F4E-B9EF-733DE20DE87B}.Debug|x64.ActiveCfg = Debug|Any CPU
		{797B9674-83FB-4F4E-B9EF-733DE20DE87B}.Debug|x64.Build.0 = Debug|Any CPU
		{797B9674-83FB-4F4E-B9EF-733DE20DE87B}.Release|Any CPU.ActiveCfg = Release|Any CPU
		{797B9674-83FB-4F4E-B9EF-733DE20DE87B}.Release|Any CPU.Build.0 = Release|Any CPU
		{797B9674-83FB-4F4E-B9EF-733DE20DE87B}.Release|x64.ActiveCfg = Release|Any CPU
		{797B9674-83FB-4F4E-B9EF-733DE20DE87B}.Release|x64.Build.0 = Release|Any CPU
		{3D561270-DA4E-4A38-90D3-A5C40F462DC4}.Debug|Any CPU.ActiveCfg = Debug|Any CPU
		{3D561270-DA4E-4A38-90D3-A5C40F462DC4}.Debug|Any CPU.Build.0 = Debug|Any CPU
		{3D561270-DA4E-4A38-90D3-A5C40F462DC4}.Debug|x64.ActiveCfg = Debug|Any CPU
		{3D561270-DA4E-4A38-90D3-A5C40F462DC4}.Debug|x64.Build.0 = Debug|Any CPU
		{3D561270-DA4E-4A38-90D3-A5C40F462DC4}.Release|Any CPU.ActiveCfg = Release|Any CPU
		{3D561270-DA4E-4A38-90D3-A5C40F462DC4}.Release|Any CPU.Build.0 = Release|Any CPU
		{3D561270-DA4E-4A38-90D3-A5C40F462DC4}.Release|x64.ActiveCfg = Release|Any CPU
		{3D561270-DA4E-4A38-90D3-A5C40F462DC4}.Release|x64.Build.0 = Release|Any CPU
		{7898A767-A421-4A4F-92C1-D87433D2876F}.Debug|Any CPU.ActiveCfg = Debug|Any CPU
		{7898A767-A421-4A4F-92C1-D87433D2876F}.Debug|Any CPU.Build.0 = Debug|Any CPU
		{7898A767-A421-4A4F-92C1-D87433D2876F}.Debug|x64.ActiveCfg = Debug|Any CPU
		{7898A767-A421-4A4F-92C1-D87433D2876F}.Debug|x64.Build.0 = Debug|Any CPU
		{7898A767-A421-4A4F-92C1-D87433D2876F}.Release|Any CPU.ActiveCfg = Release|Any CPU
		{7898A767-A421-4A4F-92C1-D87433D2876F}.Release|Any CPU.Build.0 = Release|Any CPU
		{7898A767-A421-4A4F-92C1-D87433D2876F}.Release|x64.ActiveCfg = Release|Any CPU
		{7898A767-A421-4A4F-92C1-D87433D2876F}.Release|x64.Build.0 = Release|Any CPU
		{78A00935-3E62-4549-8D73-9FC7A570918C}.Debug|Any CPU.ActiveCfg = Debug|Any CPU
		{78A00935-3E62-4549-8D73-9FC7A570918C}.Debug|Any CPU.Build.0 = Debug|Any CPU
		{78A00935-3E62-4549-8D73-9FC7A570918C}.Debug|x64.ActiveCfg = Debug|Any CPU
		{78A00935-3E62-4549-8D73-9FC7A570918C}.Debug|x64.Build.0 = Debug|Any CPU
		{78A00935-3E62-4549-8D73-9FC7A570918C}.Release|Any CPU.ActiveCfg = Release|Any CPU
		{78A00935-3E62-4549-8D73-9FC7A570918C}.Release|Any CPU.Build.0 = Release|Any CPU
		{78A00935-3E62-4549-8D73-9FC7A570918C}.Release|x64.ActiveCfg = Release|Any CPU
		{78A00935-3E62-4549-8D73-9FC7A570918C}.Release|x64.Build.0 = Release|Any CPU
	EndGlobalSection
	GlobalSection(SolutionProperties) = preSolution
		HideSolutionNode = FALSE
	EndGlobalSection
	GlobalSection(NestedProjects) = preSolution
		{1D1E5542-6D08-422A-90AA-A6A1F94C7B6A} = {903CDED1-5D75-467B-A6B3-7B547EAB714D}
		{A8AC737A-48CB-4BD5-9F4D-21F0B2323747} = {FDC68679-B969-486B-A49D-B43B5ED89737}
		{B81E354A-DC15-4046-9A84-0147AFFA4F5F} = {FDC68679-B969-486B-A49D-B43B5ED89737}
		{E413A452-1E0E-42B9-B816-7A3E5087A9E9} = {FDC68679-B969-486B-A49D-B43B5ED89737}
		{80774A70-E01F-4D88-874C-504FE3E05AFD} = {FDC68679-B969-486B-A49D-B43B5ED89737}
		{903CDED1-5D75-467B-A6B3-7B547EAB714D} = {1ADE7685-6FFC-4AAD-B218-9E9E5A3DE339}
		{D0B27CA3-AD13-4907-8357-7E1F3407FB4A} = {FDC68679-B969-486B-A49D-B43B5ED89737}
		{634B3B95-4EDC-4331-9B75-1652B6146498} = {1ADE7685-6FFC-4AAD-B218-9E9E5A3DE339}
		{E2DEEAFF-6AA7-4B05-A389-533123CC4910} = {634B3B95-4EDC-4331-9B75-1652B6146498}
		{DDD7348E-DC48-4D32-98B9-6B438DCC7140} = {1ADE7685-6FFC-4AAD-B218-9E9E5A3DE339}
		{797B9674-83FB-4F4E-B9EF-733DE20DE87B} = {DDD7348E-DC48-4D32-98B9-6B438DCC7140}
		{C8C110F8-B7EA-4249-8F8F-7DCCC9C91071} = {1ADE7685-6FFC-4AAD-B218-9E9E5A3DE339}
		{3D561270-DA4E-4A38-90D3-A5C40F462DC4} = {C8C110F8-B7EA-4249-8F8F-7DCCC9C91071}
		{434FB7A0-495B-4F27-8C89-B87FB6B37C91} = {1ADE7685-6FFC-4AAD-B218-9E9E5A3DE339}
		{7898A767-A421-4A4F-92C1-D87433D2876F} = {434FB7A0-495B-4F27-8C89-B87FB6B37C91}
		{08C56EA0-2BBF-47B5-BA45-A2E2986AB24A} = {1ADE7685-6FFC-4AAD-B218-9E9E5A3DE339}
		{78A00935-3E62-4549-8D73-9FC7A570918C} = {08C56EA0-2BBF-47B5-BA45-A2E2986AB24A}
	EndGlobalSection
	GlobalSection(ExtensibilityGlobals) = postSolution
		SolutionGuid = {F6818051-BEE2-4E9B-A542-37EB489BC743}
	EndGlobalSection
EndGlobal
